# This file was autogenerated by Stack.
# You should not edit this file by hand.
# For more information, please see the documentation at:
#   https://docs.haskellstack.org/en/stable/lock_files

packages:
- completed:
    hackage: lsp-1.4.0.0@sha256:d992cb88d6212f113baf372404c141a6bea14c436baa64ea6e4f01b6188c575b,5088
    pantry-tree:
      size: 1417
      sha256: 92dccca5b6429616c0467d7c0dc665001d67cda76250bc70d7d30025c28d4216
  original:
    hackage: lsp-1.4.0.0@sha256:d992cb88d6212f113baf372404c141a6bea14c436baa64ea6e4f01b6188c575b,5088
- completed:
    hackage: lsp-types-1.4.0.1@sha256:b902952df7becc1827947ee3ff1cd8c746aa8f9f80db330db20e2fdf1b6089e8,4504
    pantry-tree:
      size: 4225
      sha256: 9b4ee01ae646c359ac24551816f6e83a22519c503fc0b4d1da5e46d135abf985
  original:
    hackage: lsp-types-1.4.0.1@sha256:b902952df7becc1827947ee3ff1cd8c746aa8f9f80db330db20e2fdf1b6089e8,4504
- completed:
    hackage: lsp-test-0.14.0.2@sha256:d62d2af45508f04c5fcad23e469c45b37ca19760cee15b025a0eb499cbd28050,4663
    pantry-tree:
      size: 1559
      sha256: 7fba61926846deb098a82b51e58f127ae9c53256db881d446c1a76c85ba2ecc7
  original:
    hackage: lsp-test-0.14.0.2@sha256:d62d2af45508f04c5fcad23e469c45b37ca19760cee15b025a0eb499cbd28050,4663
- completed:
    hackage: rope-utf16-splay-0.4.0.0@sha256:2237ca21b950f5a45971f09ea2d38532a8e06949c82629095351e4bff5207aed,2034
    pantry-tree:
      size: 667
      sha256: 8f8650b21381dee11be10d327b8df1999f1ba00e303cd1ed3ed52dfd63e1ca69
  original:
    hackage: rope-utf16-splay-0.4.0.0@sha256:2237ca21b950f5a45971f09ea2d38532a8e06949c82629095351e4bff5207aed,2034
- completed:
    hackage: text-2.0@sha256:86e64bc76fefb8f0f6529d28ddf24b2a29d43591a8b9b7c7094f481a0db2fb7d,7788
    pantry-tree:
      size: 7364
      sha256: 894b84358fbad3cb8c16f224d3d8b7a1d7b6bcae68cda5a9998dd964904a6560
  original:
    hackage: text-2.0@sha256:86e64bc76fefb8f0f6529d28ddf24b2a29d43591a8b9b7c7094f481a0db2fb7d,7788
- completed:
    hackage: Cabal-3.6.3.0@sha256:ff97c442b0c679c1c9876acd15f73ac4f602b973c45bde42b43ec28265ee48f4,12459
    pantry-tree:
      size: 19757
      sha256: b250a53bdb56844f047a2927833bb565b936a289abfa85dfc2a63148d776368a
  original:
    hackage: Cabal-3.6.3.0@sha256:ff97c442b0c679c1c9876acd15f73ac4f602b973c45bde42b43ec28265ee48f4,12459
- completed:
    hackage: parsec-3.1.15.0@sha256:a162d4cc8884014ba35192545cad293af0529fe11497aad8834bbaaa3dfffc26,4429
    pantry-tree:
      size: 2630
      sha256: cbddc1e3c5ada6925354850cc0a8fadcd8643689098a504a0ed25ef9e0b932b8
  original:
    hackage: parsec-3.1.15.0@sha256:a162d4cc8884014ba35192545cad293af0529fe11497aad8834bbaaa3dfffc26,4429
snapshots:
- completed:
    size: 605110
    url: https://raw.githubusercontent.com/commercialhaskell/stackage-snapshots/master/nightly/2022/6/6.yaml
    sha256: 26ea900ee8601fee24ff84981e92f304d384c73ee32d5504299133b5eb177e87
  original: nightly-2022-06-06
